
Microsoft Visual Studio Solution File, Format Version 12.00
# Visual Studio Version 16
VisualStudioVersion = 25.0.1704.4
MinimumVisualStudioVersion = 10.0.40219.1
Project("{FAE04EC0-301F-11D3-BF4B-00C04F79EFBC}") = "coba321", "coba321\coba321.csproj", "{EB9CAC98-90B2-4068-BEFC-C60C9AC9F51D}"
EndProject
Global
	GlobalSection(SolutionConfigurationPlatforms) = preSolution
		Debug|Any CPU = Debug|Any CPU
		Release|Any CPU = Release|Any CPU
	EndGlobalSection
	GlobalSection(ProjectConfigurationPlatforms) = postSolution
		{EB9CAC98-90B2-4068-BEFC-C60C9AC9F51D}.Debug|Any CPU.ActiveCfg = Debug|Any CPU
		{EB9CAC98-90B2-4068-BEFC-C60C9AC9F51D}.Debug|Any CPU.Build.0 = Debug|Any CPU
		{EB9CAC98-90B2-4068-BEFC-C60C9AC9F51D}.Release|Any CPU.ActiveCfg = Release|Any CPU
		{EB9CAC98-90B2-4068-BEFC-C60C9AC9F51D}.Release|Any CPU.Build.0 = Release|Any CPU
	EndGlobalSection
	GlobalSection(SolutionProperties) = preSolution
		HideSolutionNode = FALSE
	EndGlobalSection
	GlobalSection(ExtensibilityGlobals) = postSolution
		SolutionGuid = {15928C19-18E5-472B-BF5C-23A4740C1DC2}
	EndGlobalSection
EndGlobal
